// !$*UTF8*$!
{
	archiveVersion = 1;
	classes = {
	};
	objectVersion = 46;
	objects = {

/* Begin PBXBuildFile section */
		348121F61E5D71AF00EF4429 /* main.m in Sources */ = {isa = PBXBuildFile; fileRef = 348121F51E5D71AF00EF4429 /* main.m */; };
		348121F91E5D71AF00EF4429 /* AppDelegate.m in Sources */ = {isa = PBXBuildFile; fileRef = 348121F81E5D71AF00EF4429 /* AppDelegate.m */; };
		348121FC1E5D71AF00EF4429 /* ViewController.m in Sources */ = {isa = PBXBuildFile; fileRef = 348121FB1E5D71AF00EF4429 /* ViewController.m */; };
		348121FF1E5D71AF00EF4429 /* Main.storyboard in Resources */ = {isa = PBXBuildFile; fileRef = 348121FD1E5D71AF00EF4429 /* Main.storyboard */; };
		348122011E5D71AF00EF4429 /* Assets.xcassets in Resources */ = {isa = PBXBuildFile; fileRef = 348122001E5D71AF00EF4429 /* Assets.xcassets */; };
		348122041E5D71AF00EF4429 /* LaunchScreen.storyboard in Resources */ = {isa = PBXBuildFile; fileRef = 348122021E5D71AF00EF4429 /* LaunchScreen.storyboard */; };
/* End PBXBuildFile section */

/* Begin PBXFileReference section */
		348121F11E5D71AF00EF4429 /* TestAnimation.app */ = {isa = PBXFileReference; explicitFileType = wrapper.application; includeInIndex = 0; path = TestAnimation.app; sourceTree = BUILT_PRODUCTS_DIR; };
		348121F51E5D71AF00EF4429 /* main.m */ = {isa = PBXFileReference; lastKnownFileType = sourcecode.c.objc; path = main.m; sourceTree = "<group>"; };
		348121F71E5D71AF00EF4429 /* AppDelegate.h */ = {isa = PBXFileReference; lastKnownFileType = sourcecode.c.h; path = AppDelegate.h; sourceTree = "<group>"; };
		348121F81E5D71AF00EF4429 /* AppDelegate.m */ = {isa = PBXFileReference; lastKnownFileType = sourcecode.c.objc; path = AppDelegate.m; sourceTree = "<group>"; };
		348121FA1E5D71AF00EF4429 /* ViewController.h */ = {isa = PBXFileReference; lastKnownFileType = sourcecode.c.h; path = ViewController.h; sourceTree = "<group>"; };
		348121FB1E5D71AF00EF4429 /* ViewController.m */ = {isa = PBXFileReference; lastKnownFileType = sourcecode.c.objc; path = ViewController.m; sourceTree = "<group>"; };
		348121FE1E5D71AF00EF4429 /* Base */ = {isa = PBXFileReference; lastKnownFileType = file.storyboard; name = Base; path = Base.lproj/Main.storyboard; sourceTree = "<group>"; };
		348122001E5D71AF00EF4429 /* Assets.xcassets */ = {isa = PBXFileReference; lastKnownFileType = folder.assetcatalog; path = Assets.xcassets; sourceTree = "<group>"; };
		348122031E5D71AF00EF4429 /* Base */ = {isa = PBXFileReference; lastKnownFileType = file.storyboard; name = Base; path = Base.lproj/LaunchScreen.storyboard; sourceTree = "<group>"; };
		348122051E5D71AF00EF4429 /* Info.plist */ = {isa = PBXFileReference; lastKnownFileType = text.plist.xml; path = Info.plist; sourceTree = "<group>"; };
/* End PBXFileReference section */

/* Begin PBXFrameworksBuildPhase section */
		348121EE1E5D71AF00EF4429 /* Frameworks */ = {
			isa = PBXFrameworksBuildPhase;
			buildActionMask = 2147483647;
			files = (
			);
			runOnlyForDeploymentPostprocessing = 0;
		};
/* End PBXFrameworksBuildPhase section */

/* Begin PBXGroup section */
		348121E81E5D71AF00EF4429 = {
			isa = PBXGroup;
			children = (
				348121F31E5D71AF00EF4429 /* TestAnimation */,
				348121F21E5D71AF00EF4429 /* Products */,
			);
			sourceTree = "<group>";
		};
		348121F21E5D71AF00EF4429 /* Products */ = {
			isa = PBXGroup;
			children = (
				348121F11E5D71AF00EF4429 /* TestAnimation.app */,
			);
			name = Products;
			sourceTree = "<group>";
		};
		348121F31E5D71AF00EF4429 /* TestAnimation */ = {
			isa = PBXGroup;
			children = (
				348121F71E5D71AF00EF4429 /* AppDelegate.h */,
				348121F81E5D71AF00EF4429 /* AppDelegate.m */,
				348121FA1E5D71AF00EF4429 /* ViewController.h */,
				348121FB1E5D71AF00EF4429 /* ViewController.m */,
				348121FD1E5D71AF00EF4429 /* Main.storyboard */,
				348122001E5D71AF00EF4429 /* Assets.xcassets */,
				348122021E5D71AF00EF4429 /* LaunchScreen.storyboard */,
				348122051E5D71AF00EF4429 /* Info.plist */,
				348121F41E5D71AF00EF4429 /* Supporting Files */,
			);
			path = TestAnimation;
			sourceTree = "<group>";
		};
		348121F41E5D71AF00EF4429 /* Supporting Files */ = {
			isa = PBXGroup;
			children = (
				348121F51E5D71AF00EF4429 /* main.m */,
			);
			name = "Supporting Files";
			sourceTree = "<group>";
		};
/* End PBXGroup section */

/* Begin PBXNativeTarget section */
		348121F01E5D71AF00EF4429 /* TestAnimation */ = {
			isa = PBXNativeTarget;
			buildConfigurationList = 348122081E5D71AF00EF4429 /* Build configuration list for PBXNativeTarget "TestAnimation" */;
			buildPhases = (
				348121ED1E5D71AF00EF4429 /* Sources */,
				348121EE1E5D71AF00EF4429 /* Frameworks */,
				348121EF1E5D71AF00EF4429 /* Resources */,
			);
			buildRules = (
			);
			dependencies = (
			);
			name = TestAnimation;
			productName = TestAnimation;
			productReference = 348121F11E5D71AF00EF4429 /* TestAnimation.app */;
			productType = "com.apple.product-type.application";
		};
/* End PBXNativeTarget section */

/* Begin PBXProject section */
		348121E91E5D71AF00EF4429 /* Project object */ = {
			isa = PBXProject;
			attributes = {
				LastUpgradeCheck = 0820;
				ORGANIZATIONNAME = Shane;
				TargetAttributes = {
					348121F01E5D71AF00EF4429 = {
						CreatedOnToolsVersion = 8.2.1;
						ProvisioningStyle = Automatic;
					};
				};
			};
			buildConfigurationList = 348121EC1E5D71AF00EF4429 /* Build configuration list for PBXProject "TestAnimation" */;
			compatibilityVersion = "Xcode 3.2";
			developmentRegion = English;
			hasScannedForEncodings = 0;
			knownRegions = (
				en,
				Base,
			);
			mainGroup = 348121E81E5D71AF00EF4429;
			productRefGroup = 348121F21E5D71AF00EF4429 /* Products */;
			projectDirPath = "";
			projectRoot = "";
			targets = (
				348121F01E5D71AF00EF4429 /* TestAnimation */,
			);
		};
/* End PBXProject section */

/* Begin PBXResourcesBuildPhase section */
		348121EF1E5D71AF00EF4429 /* Resources */ = {
			isa = PBXResourcesBuildPhase;
			buildActionMask = 2147483647;
			files = (
				348122041E5D71AF00EF4429 /* LaunchScreen.storyboard in Resources */,
				348122011E5D71AF00EF4429 /* Assets.xcassets in Resources */,
				348121FF1E5D71AF00EF4429 /* Main.storyboard in Resources */,
			);
			runOnlyForDeploymentPostprocessing = 0;
		};
/* End PBXResourcesBuildPhase section */

/* Begin PBXSourcesBuildPhase section */
		348121ED1E5D71AF00EF4429 /* Sources */ = {
			isa = PBXSourcesBuildPhase;
			buildActionMask = 2147483647;
			files = (
				348121FC1E5D71AF00EF4429 /* ViewController.m in Sources */,
				348121F91E5D71AF00EF4429 /* AppDelegate.m in Sources */,
				348121F61E5D71AF00EF4429 /* main.m in Sources */,
			);
			runOnlyForDeploymentPostprocessing = 0;
		};
/* End PBXSourcesBuildPhase section */

/* Begin PBXVariantGroup section */
		348121FD1E5D71AF00EF4429 /* Main.storyboard */ = {
			isa = PBXVariantGroup;
			children = (
				348121FE1E5D71AF00EF4429 /* Base */,
			);
			name = Main.storyboard;
			sourceTree = "<group>";
		};
		348122021E5D71AF00EF4429 /* LaunchScreen.storyboard */ = {
			isa = PBXVariantGroup;
			children = (
				348122031E5D71AF00EF4429 /* Base */,
			);
			name = LaunchScreen.storyboard;
			sourceTree = "<group>";
		};
/* End PBXVariantGroup section */

/* Begin XCBuildConfiguration section */
		348122061E5D71AF00EF4429 /* Debug */ = {
			isa = XCBuildConfiguration;
			buildSettings = {
				ALWAYS_SEARCH_USER_PATHS = NO;
				CLANG_ANALYZER_NONNULL = YES;
				CLANG_CXX_LANGUAGE_STANDARD = "gnu++0x";
				CLANG_CXX_LIBRARY = "libc++";
				CLANG_ENABLE_MODULES = YES;
				CLANG_ENABLE_OBJC_ARC = YES;
				CLANG_WARN_BOOL_CONVERSION = YES;
				CLANG_WARN_CONSTANT_CONVERSION = YES;
				CLANG_WARN_DIRECT_OBJC_ISA_USAGE = YES_ERROR;
				CLANG_WARN_DOCUMENTATION_COMMENTS = YES;
				CLANG_WARN_EMPTY_BODY = YES;
				CLANG_WARN_ENUM_CONVERSION = YES;
				CLANG_WARN_INFINITE_RECURSION = YES;
				CLANG_WARN_INT_CONVERSION = YES;
				CLANG_WARN_OBJC_ROOT_CLASS = YES_ERROR;
				CLANG_WARN_SUSPICIOUS_MOVE = YES;
				CLANG_WARN_UNREACHABLE_CODE = YES;
				CLANG_WARN__DUPLICATE_METHOD_MATCH = YES;
				"CODE_SIGN_IDENTITY[sdk=iphoneos*]" = "iPhone Developer";
				COPY_PHASE_STRIP = NO;
				DEBUG_INFORMATION_FORMAT = dwarf;
				ENABLE_STRICT_OBJC_MSGSEND = YES;
				ENABLE_TESTABILITY = YES;
				GCC_C_LANGUAGE_STANDARD = gnu99;
				GCC_DYNAMIC_NO_PIC = NO;
				GCC_NO_COMMON_BLOCKS = YES;
				GCC_OPTIMIZATION_LEVEL = 0;
				GCC_PREPROCESSOR_DEFINITIONS = (
					"DEBUG=1",
					"$(inherited)",
				);
				GCC_WARN_64_TO_32_BIT_CONVERSION = YES;
				GCC_WARN_ABOUT_RETURN_TYPE = YES_ERROR;
				GCC_WARN_UNDECLARED_SELECTOR = YES;
				GCC_WARN_UNINITIALIZED_AUTOS = YES_AGGRESSIVE;
				GCC_WARN_UNUSED_FUNCTION = YES;
				GCC_WARN_UNUSED_VARIABLE = YES;
				IPHONEOS_DEPLOYMENT_TARGET = 10.2;
				MTL_ENABLE_DEBUG_INFO = YES;
				ONLY_ACTIVE_ARCH = YES;
				SDKROOT = iphoneos;
			};
			name = Debug;
		};
		348122071E5D71AF00EF4429 /* Release */ = {
			isa = XCBuildConfiguration;
			buildSettings = {
				ALWAYS_SEARCH_USER_PATHS = NO;
				CLANG_ANALYZER_NONNULL = YES;
				CLANG_CXX_LANGUAGE_STANDARD = "gnu++0x";
				CLANG_CXX_LIBRARY = "libc++";
				CLANG_ENABLE_MODULES = YES;
				CLANG_ENABLE_OBJC_ARC = YES;
				CLANG_WARN_BOOL_CONVERSION = YES;
				CLANG_WARN_CONSTANT_CONVERSION = YES;
				CLANG_WARN_DIRECT_OBJC_ISA_USAGE = YES_ERROR;
				CLANG_WARN_DOCUMENTATION_COMMENTS = YES;
				CLANG_WARN_EMPTY_BODY = YES;
				CLANG_WARN_ENUM_CONVERSION = YES;
				CLANG_WARN_INFINITE_RECURSION = YES;
				CLANG_WARN_INT_CONVERSION = YES;
				CLANG_WARN_OBJC_ROOT_CLASS = YES_ERROR;
				CLANG_WARN_SUSPICIOUS_MOVE = YES;
				CLANG_WARN_UNREACHABLE_CODE = YES;
				CLANG_WARN__DUPLICATE_METHOD_MATCH = YES;
				"CODE_SIGN_IDENTITY[sdk=iphoneos*]" = "iPhone Developer";
				COPY_PHASE_STRIP = NO;
				DEBUG_INFORMATION_FORMAT = "dwarf-with-dsym";
				ENABLE_NS_ASSERTIONS = NO;
				ENABLE_STRICT_OBJC_MSGSEND = YES;
				GCC_C_LANGUAGE_STANDARD = gnu99;
				GCC_NO_COMMON_BLOCKS = YES;
				GCC_WARN_64_TO_32_BIT_CONVERSION = YES;
				GCC_WARN_ABOUT_RETURN_TYPE = YES_ERROR;
				GCC_WARN_UNDECLARED_SELECTOR = YES;
				GCC_WARN_UNINITIALIZED_AUTOS = YES_AGGRESSIVE;
				GCC_WARN_UNUSED_FUNCTION = YES;
				GCC_WARN_UNUSED_VARIABLE = YES;
				IPHONEOS_DEPLOYMENT_TARGET = 10.2;
				MTL_ENABLE_DEBUG_INFO = NO;
				SDKROOT = iphoneos;
				VALIDATE_PRODUCT = YES;
			};
			name = Release;
		};
		348122091E5D71AF00EF4429 /* Debug */ = {
			isa = XCBuildConfiguration;
			buildSettings = {
				ASSETCATALOG_COMPILER_APPICON_NAME = AppIcon;
				INFOPLIST_FILE = TestAnimation/Info.plist;
				LD_RUNPATH_SEARCH_PATHS = "$(inherited) @executable_path/Frameworks";
				PRODUCT_BUNDLE_IDENTIFIER = Shanesun.TestAnimation;
				PRODUCT_NAME = "$(TARGET_NAME)";
			};
			name = Debug;
		};
		3481220A1E5D71AF00EF4429 /* Release */ = {
			isa = XCBuildConfiguration;
			buildSettings = {
				ASSETCATALOG_COMPILER_APPICON_NAME = AppIcon;
				INFOPLIST_FILE = TestAnimation/Info.plist;
				LD_RUNPATH_SEARCH_PATHS = "$(inherited) @executable_path/Frameworks";
				PRODUCT_BUNDLE_IDENTIFIER = Shanesun.TestAnimation;
				PRODUCT_NAME = "$(TARGET_NAME)";
			};
			name = Release;
		};
/* End XCBuildConfiguration section */

/* Begin XCConfigurationList section */
		348121EC1E5D71AF00EF4429 /* Build configuration list for PBXProject "TestAnimation" */ = {
			isa = XCConfigurationList;
			buildConfigurations = (
				348122061E5D71AF00EF4429 /* Debug */,
				348122071E5D71AF00EF4429 /* Release */,
			);
			defaultConfigurationIsVisible = 0;
			defaultConfigurationName = Release;
		};
		348122081E5D71AF00EF4429 /* Build configuration list for PBXNativeTarget "TestAnimation" */ = {
			isa = XCConfigurationList;
			buildConfigurations = (
				348122091E5D71AF00EF4429 /* Debug */,
				3481220A1E5D71AF00EF4429 /* Release */,
			);
			defaultConfigurationIsVisible = 0;
		};
/* End XCConfigurationList section */
	};
	rootObject = 348121E91E5D71AF00EF4429 /* Project object */;
}
