// !$*UTF8*$!
{
	archiveVersion = 1;
	classes = {
	};
	objectVersion = 46;
	objects = {

/* Begin PBXBuildFile section */
		34EB7C191DB62776005FCB7B /* main.m in Sources */ = {isa = PBXBuildFile; fileRef = 34EB7C181DB62776005FCB7B /* main.m */; };
		34EB7C1C1DB62776005FCB7B /* AppDelegate.m in Sources */ = {isa = PBXBuildFile; fileRef = 34EB7C1B1DB62776005FCB7B /* AppDelegate.m */; };
		34EB7C1F1DB62776005FCB7B /* ViewController.m in Sources */ = {isa = PBXBuildFile; fileRef = 34EB7C1E1DB62776005FCB7B /* ViewController.m */; };
		34EB7C221DB62776005FCB7B /* Main.storyboard in Resources */ = {isa = PBXBuildFile; fileRef = 34EB7C201DB62776005FCB7B /* Main.storyboard */; };
		34EB7C241DB62776005FCB7B /* Assets.xcassets in Resources */ = {isa = PBXBuildFile; fileRef = 34EB7C231DB62776005FCB7B /* Assets.xcassets */; };
		34EB7C271DB62776005FCB7B /* LaunchScreen.storyboard in Resources */ = {isa = PBXBuildFile; fileRef = 34EB7C251DB62776005FCB7B /* LaunchScreen.storyboard */; };
/* End PBXBuildFile section */

/* Begin PBXFileReference section */
		34EB7C141DB62776005FCB7B /* TestAutorelease.app */ = {isa = PBXFileReference; explicitFileType = wrapper.application; includeInIndex = 0; path = TestAutorelease.app; sourceTree = BUILT_PRODUCTS_DIR; };
		34EB7C181DB62776005FCB7B /* main.m */ = {isa = PBXFileReference; lastKnownFileType = sourcecode.c.objc; path = main.m; sourceTree = "<group>"; };
		34EB7C1A1DB62776005FCB7B /* AppDelegate.h */ = {isa = PBXFileReference; lastKnownFileType = sourcecode.c.h; path = AppDelegate.h; sourceTree = "<group>"; };
		34EB7C1B1DB62776005FCB7B /* AppDelegate.m */ = {isa = PBXFileReference; lastKnownFileType = sourcecode.c.objc; path = AppDelegate.m; sourceTree = "<group>"; };
		34EB7C1D1DB62776005FCB7B /* ViewController.h */ = {isa = PBXFileReference; lastKnownFileType = sourcecode.c.h; path = ViewController.h; sourceTree = "<group>"; };
		34EB7C1E1DB62776005FCB7B /* ViewController.m */ = {isa = PBXFileReference; lastKnownFileType = sourcecode.c.objc; path = ViewController.m; sourceTree = "<group>"; };
		34EB7C211DB62776005FCB7B /* Base */ = {isa = PBXFileReference; lastKnownFileType = file.storyboard; name = Base; path = Base.lproj/Main.storyboard; sourceTree = "<group>"; };
		34EB7C231DB62776005FCB7B /* Assets.xcassets */ = {isa = PBXFileReference; lastKnownFileType = folder.assetcatalog; path = Assets.xcassets; sourceTree = "<group>"; };
		34EB7C261DB62776005FCB7B /* Base */ = {isa = PBXFileReference; lastKnownFileType = file.storyboard; name = Base; path = Base.lproj/LaunchScreen.storyboard; sourceTree = "<group>"; };
		34EB7C281DB62776005FCB7B /* Info.plist */ = {isa = PBXFileReference; lastKnownFileType = text.plist.xml; path = Info.plist; sourceTree = "<group>"; };
/* End PBXFileReference section */

/* Begin PBXFrameworksBuildPhase section */
		34EB7C111DB62776005FCB7B /* Frameworks */ = {
			isa = PBXFrameworksBuildPhase;
			buildActionMask = 2147483647;
			files = (
			);
			runOnlyForDeploymentPostprocessing = 0;
		};
/* End PBXFrameworksBuildPhase section */

/* Begin PBXGroup section */
		34EB7C0B1DB62776005FCB7B = {
			isa = PBXGroup;
			children = (
				34EB7C161DB62776005FCB7B /* TestAutorelease */,
				34EB7C151DB62776005FCB7B /* Products */,
			);
			sourceTree = "<group>";
		};
		34EB7C151DB62776005FCB7B /* Products */ = {
			isa = PBXGroup;
			children = (
				34EB7C141DB62776005FCB7B /* TestAutorelease.app */,
			);
			name = Products;
			sourceTree = "<group>";
		};
		34EB7C161DB62776005FCB7B /* TestAutorelease */ = {
			isa = PBXGroup;
			children = (
				34EB7C1A1DB62776005FCB7B /* AppDelegate.h */,
				34EB7C1B1DB62776005FCB7B /* AppDelegate.m */,
				34EB7C1D1DB62776005FCB7B /* ViewController.h */,
				34EB7C1E1DB62776005FCB7B /* ViewController.m */,
				34EB7C201DB62776005FCB7B /* Main.storyboard */,
				34EB7C231DB62776005FCB7B /* Assets.xcassets */,
				34EB7C251DB62776005FCB7B /* LaunchScreen.storyboard */,
				34EB7C281DB62776005FCB7B /* Info.plist */,
				34EB7C171DB62776005FCB7B /* Supporting Files */,
			);
			path = TestAutorelease;
			sourceTree = "<group>";
		};
		34EB7C171DB62776005FCB7B /* Supporting Files */ = {
			isa = PBXGroup;
			children = (
				34EB7C181DB62776005FCB7B /* main.m */,
			);
			name = "Supporting Files";
			sourceTree = "<group>";
		};
/* End PBXGroup section */

/* Begin PBXNativeTarget section */
		34EB7C131DB62776005FCB7B /* TestAutorelease */ = {
			isa = PBXNativeTarget;
			buildConfigurationList = 34EB7C2B1DB62776005FCB7B /* Build configuration list for PBXNativeTarget "TestAutorelease" */;
			buildPhases = (
				34EB7C101DB62776005FCB7B /* Sources */,
				34EB7C111DB62776005FCB7B /* Frameworks */,
				34EB7C121DB62776005FCB7B /* Resources */,
			);
			buildRules = (
			);
			dependencies = (
			);
			name = TestAutorelease;
			productName = TestAutorelease;
			productReference = 34EB7C141DB62776005FCB7B /* TestAutorelease.app */;
			productType = "com.apple.product-type.application";
		};
/* End PBXNativeTarget section */

/* Begin PBXProject section */
		34EB7C0C1DB62776005FCB7B /* Project object */ = {
			isa = PBXProject;
			attributes = {
				LastUpgradeCheck = 0800;
				ORGANIZATIONNAME = Shane;
				TargetAttributes = {
					34EB7C131DB62776005FCB7B = {
						CreatedOnToolsVersion = 8.0;
						ProvisioningStyle = Automatic;
					};
				};
			};
			buildConfigurationList = 34EB7C0F1DB62776005FCB7B /* Build configuration list for PBXProject "TestAutorelease" */;
			compatibilityVersion = "Xcode 3.2";
			developmentRegion = English;
			hasScannedForEncodings = 0;
			knownRegions = (
				en,
				Base,
			);
			mainGroup = 34EB7C0B1DB62776005FCB7B;
			productRefGroup = 34EB7C151DB62776005FCB7B /* Products */;
			projectDirPath = "";
			projectRoot = "";
			targets = (
				34EB7C131DB62776005FCB7B /* TestAutorelease */,
			);
		};
/* End PBXProject section */

/* Begin PBXResourcesBuildPhase section */
		34EB7C121DB62776005FCB7B /* Resources */ = {
			isa = PBXResourcesBuildPhase;
			buildActionMask = 2147483647;
			files = (
				34EB7C271DB62776005FCB7B /* LaunchScreen.storyboard in Resources */,
				34EB7C241DB62776005FCB7B /* Assets.xcassets in Resources */,
				34EB7C221DB62776005FCB7B /* Main.storyboard in Resources */,
			);
			runOnlyForDeploymentPostprocessing = 0;
		};
/* End PBXResourcesBuildPhase section */

/* Begin PBXSourcesBuildPhase section */
		34EB7C101DB62776005FCB7B /* Sources */ = {
			isa = PBXSourcesBuildPhase;
			buildActionMask = 2147483647;
			files = (
				34EB7C1F1DB62776005FCB7B /* ViewController.m in Sources */,
				34EB7C1C1DB62776005FCB7B /* AppDelegate.m in Sources */,
				34EB7C191DB62776005FCB7B /* main.m in Sources */,
			);
			runOnlyForDeploymentPostprocessing = 0;
		};
/* End PBXSourcesBuildPhase section */

/* Begin PBXVariantGroup section */
		34EB7C201DB62776005FCB7B /* Main.storyboard */ = {
			isa = PBXVariantGroup;
			children = (
				34EB7C211DB62776005FCB7B /* Base */,
			);
			name = Main.storyboard;
			sourceTree = "<group>";
		};
		34EB7C251DB62776005FCB7B /* LaunchScreen.storyboard */ = {
			isa = PBXVariantGroup;
			children = (
				34EB7C261DB62776005FCB7B /* Base */,
			);
			name = LaunchScreen.storyboard;
			sourceTree = "<group>";
		};
/* End PBXVariantGroup section */

/* Begin XCBuildConfiguration section */
		34EB7C291DB62776005FCB7B /* Debug */ = {
			isa = XCBuildConfiguration;
			buildSettings = {
				ALWAYS_SEARCH_USER_PATHS = NO;
				CLANG_ANALYZER_NONNULL = YES;
				CLANG_CXX_LANGUAGE_STANDARD = "gnu++0x";
				CLANG_CXX_LIBRARY = "libc++";
				CLANG_ENABLE_MODULES = YES;
				CLANG_ENABLE_OBJC_ARC = YES;
				CLANG_WARN_BOOL_CONVERSION = YES;
				CLANG_WARN_CONSTANT_CONVERSION = YES;
				CLANG_WARN_DIRECT_OBJC_ISA_USAGE = YES_ERROR;
				CLANG_WARN_DOCUMENTATION_COMMENTS = YES;
				CLANG_WARN_EMPTY_BODY = YES;
				CLANG_WARN_ENUM_CONVERSION = YES;
				CLANG_WARN_INFINITE_RECURSION = YES;
				CLANG_WARN_INT_CONVERSION = YES;
				CLANG_WARN_OBJC_ROOT_CLASS = YES_ERROR;
				CLANG_WARN_SUSPICIOUS_MOVES = YES;
				CLANG_WARN_UNREACHABLE_CODE = YES;
				CLANG_WARN__DUPLICATE_METHOD_MATCH = YES;
				"CODE_SIGN_IDENTITY[sdk=iphoneos*]" = "iPhone Developer";
				COPY_PHASE_STRIP = NO;
				DEBUG_INFORMATION_FORMAT = dwarf;
				ENABLE_STRICT_OBJC_MSGSEND = YES;
				ENABLE_TESTABILITY = YES;
				GCC_C_LANGUAGE_STANDARD = gnu99;
				GCC_DYNAMIC_NO_PIC = NO;
				GCC_NO_COMMON_BLOCKS = YES;
				GCC_OPTIMIZATION_LEVEL = 0;
				GCC_PREPROCESSOR_DEFINITIONS = (
					"DEBUG=1",
					"$(inherited)",
				);
				GCC_WARN_64_TO_32_BIT_CONVERSION = YES;
				GCC_WARN_ABOUT_RETURN_TYPE = YES_ERROR;
				GCC_WARN_UNDECLARED_SELECTOR = YES;
				GCC_WARN_UNINITIALIZED_AUTOS = YES_AGGRESSIVE;
				GCC_WARN_UNUSED_FUNCTION = YES;
				GCC_WARN_UNUSED_VARIABLE = YES;
				IPHONEOS_DEPLOYMENT_TARGET = 10.0;
				MTL_ENABLE_DEBUG_INFO = YES;
				ONLY_ACTIVE_ARCH = YES;
				SDKROOT = iphoneos;
			};
			name = Debug;
		};
		34EB7C2A1DB62776005FCB7B /* Release */ = {
			isa = XCBuildConfiguration;
			buildSettings = {
				ALWAYS_SEARCH_USER_PATHS = NO;
				CLANG_ANALYZER_NONNULL = YES;
				CLANG_CXX_LANGUAGE_STANDARD = "gnu++0x";
				CLANG_CXX_LIBRARY = "libc++";
				CLANG_ENABLE_MODULES = YES;
				CLANG_ENABLE_OBJC_ARC = YES;
				CLANG_WARN_BOOL_CONVERSION = YES;
				CLANG_WARN_CONSTANT_CONVERSION = YES;
				CLANG_WARN_DIRECT_OBJC_ISA_USAGE = YES_ERROR;
				CLANG_WARN_DOCUMENTATION_COMMENTS = YES;
				CLANG_WARN_EMPTY_BODY = YES;
				CLANG_WARN_ENUM_CONVERSION = YES;
				CLANG_WARN_INFINITE_RECURSION = YES;
				CLANG_WARN_INT_CONVERSION = YES;
				CLANG_WARN_OBJC_ROOT_CLASS = YES_ERROR;
				CLANG_WARN_SUSPICIOUS_MOVES = YES;
				CLANG_WARN_UNREACHABLE_CODE = YES;
				CLANG_WARN__DUPLICATE_METHOD_MATCH = YES;
				"CODE_SIGN_IDENTITY[sdk=iphoneos*]" = "iPhone Developer";
				COPY_PHASE_STRIP = NO;
				DEBUG_INFORMATION_FORMAT = "dwarf-with-dsym";
				ENABLE_NS_ASSERTIONS = NO;
				ENABLE_STRICT_OBJC_MSGSEND = YES;
				GCC_C_LANGUAGE_STANDARD = gnu99;
				GCC_NO_COMMON_BLOCKS = YES;
				GCC_WARN_64_TO_32_BIT_CONVERSION = YES;
				GCC_WARN_ABOUT_RETURN_TYPE = YES_ERROR;
				GCC_WARN_UNDECLARED_SELECTOR = YES;
				GCC_WARN_UNINITIALIZED_AUTOS = YES_AGGRESSIVE;
				GCC_WARN_UNUSED_FUNCTION = YES;
				GCC_WARN_UNUSED_VARIABLE = YES;
				IPHONEOS_DEPLOYMENT_TARGET = 10.0;
				MTL_ENABLE_DEBUG_INFO = NO;
				SDKROOT = iphoneos;
				VALIDATE_PRODUCT = YES;
			};
			name = Release;
		};
		34EB7C2C1DB62776005FCB7B /* Debug */ = {
			isa = XCBuildConfiguration;
			buildSettings = {
				ASSETCATALOG_COMPILER_APPICON_NAME = AppIcon;
				INFOPLIST_FILE = TestAutorelease/Info.plist;
				LD_RUNPATH_SEARCH_PATHS = "$(inherited) @executable_path/Frameworks";
				PRODUCT_BUNDLE_IDENTIFIER = Shanesun.TestAutorelease;
				PRODUCT_NAME = "$(TARGET_NAME)";
			};
			name = Debug;
		};
		34EB7C2D1DB62776005FCB7B /* Release */ = {
			isa = XCBuildConfiguration;
			buildSettings = {
				ASSETCATALOG_COMPILER_APPICON_NAME = AppIcon;
				INFOPLIST_FILE = TestAutorelease/Info.plist;
				LD_RUNPATH_SEARCH_PATHS = "$(inherited) @executable_path/Frameworks";
				PRODUCT_BUNDLE_IDENTIFIER = Shanesun.TestAutorelease;
				PRODUCT_NAME = "$(TARGET_NAME)";
			};
			name = Release;
		};
/* End XCBuildConfiguration section */

/* Begin XCConfigurationList section */
		34EB7C0F1DB62776005FCB7B /* Build configuration list for PBXProject "TestAutorelease" */ = {
			isa = XCConfigurationList;
			buildConfigurations = (
				34EB7C291DB62776005FCB7B /* Debug */,
				34EB7C2A1DB62776005FCB7B /* Release */,
			);
			defaultConfigurationIsVisible = 0;
			defaultConfigurationName = Release;
		};
		34EB7C2B1DB62776005FCB7B /* Build configuration list for PBXNativeTarget "TestAutorelease" */ = {
			isa = XCConfigurationList;
			buildConfigurations = (
				34EB7C2C1DB62776005FCB7B /* Debug */,
				34EB7C2D1DB62776005FCB7B /* Release */,
			);
			defaultConfigurationIsVisible = 0;
		};
/* End XCConfigurationList section */
	};
	rootObject = 34EB7C0C1DB62776005FCB7B /* Project object */;
}
